// !$*UTF8*$!
{
	archiveVersion = 1;
	classes = {
	};
	objectVersion = 56;
	objects = {

/* Begin PBXBuildFile section */
		E695009E2B03FEC600D7E13C /* pokedexApp.swift in Sources */ = {isa = PBXBuildFile; fileRef = E695009D2B03FEC600D7E13C /* pokedexApp.swift */; };
		E69500A02B03FEC600D7E13C /* ContentView.swift in Sources */ = {isa = PBXBuildFile; fileRef = E695009F2B03FEC600D7E13C /* ContentView.swift */; };
		E69500A22B03FECA00D7E13C /* Assets.xcassets in Resources */ = {isa = PBXBuildFile; fileRef = E69500A12B03FECA00D7E13C /* Assets.xcassets */; };
		E69500A52B03FECA00D7E13C /* Preview Assets.xcassets in Resources */ = {isa = PBXBuildFile; fileRef = E69500A42B03FECA00D7E13C /* Preview Assets.xcassets */; };
		E69500AF2B03FECA00D7E13C /* pokedexTests.swift in Sources */ = {isa = PBXBuildFile; fileRef = E69500AE2B03FECA00D7E13C /* pokedexTests.swift */; };
		E69500B92B03FECA00D7E13C /* pokedexUITests.swift in Sources */ = {isa = PBXBuildFile; fileRef = E69500B82B03FECA00D7E13C /* pokedexUITests.swift */; };
		E69500BB2B03FECA00D7E13C /* pokedexUITestsLaunchTests.swift in Sources */ = {isa = PBXBuildFile; fileRef = E69500BA2B03FECA00D7E13C /* pokedexUITestsLaunchTests.swift */; };
		E69500CC2B0407EB00D7E13C /* HomeView.swift in Sources */ = {isa = PBXBuildFile; fileRef = E69500CB2B0407EB00D7E13C /* HomeView.swift */; };
		E69500CF2B04096E00D7E13C /* DetailsView.swift in Sources */ = {isa = PBXBuildFile; fileRef = E69500CE2B04096E00D7E13C /* DetailsView.swift */; };
		E69500D42B040BAF00D7E13C /* HomeToolbar.swift in Sources */ = {isa = PBXBuildFile; fileRef = E69500D32B040BAF00D7E13C /* HomeToolbar.swift */; };
		E69500DA2B0416C100D7E13C /* OvalTextFieldStyle.swift in Sources */ = {isa = PBXBuildFile; fileRef = E69500D92B0416C100D7E13C /* OvalTextFieldStyle.swift */; };
/* End PBXBuildFile section */

/* Begin PBXContainerItemProxy section */
		E69500AB2B03FECA00D7E13C /* PBXContainerItemProxy */ = {
			isa = PBXContainerItemProxy;
			containerPortal = E69500922B03FEC600D7E13C /* Project object */;
			proxyType = 1;
			remoteGlobalIDString = E69500992B03FEC600D7E13C;
			remoteInfo = pokedex;
		};
		E69500B52B03FECA00D7E13C /* PBXContainerItemProxy */ = {
			isa = PBXContainerItemProxy;
			containerPortal = E69500922B03FEC600D7E13C /* Project object */;
			proxyType = 1;
			remoteGlobalIDString = E69500992B03FEC600D7E13C;
			remoteInfo = pokedex;
		};
/* End PBXContainerItemProxy section */

/* Begin PBXFileReference section */
		E695009A2B03FEC600D7E13C /* pokedex.app */ = {isa = PBXFileReference; explicitFileType = wrapper.application; includeInIndex = 0; path = pokedex.app; sourceTree = BUILT_PRODUCTS_DIR; };
		E695009D2B03FEC600D7E13C /* pokedexApp.swift */ = {isa = PBXFileReference; lastKnownFileType = sourcecode.swift; path = pokedexApp.swift; sourceTree = "<group>"; };
		E695009F2B03FEC600D7E13C /* ContentView.swift */ = {isa = PBXFileReference; lastKnownFileType = sourcecode.swift; path = ContentView.swift; sourceTree = "<group>"; };
		E69500A12B03FECA00D7E13C /* Assets.xcassets */ = {isa = PBXFileReference; lastKnownFileType = folder.assetcatalog; path = Assets.xcassets; sourceTree = "<group>"; };
		E69500A42B03FECA00D7E13C /* Preview Assets.xcassets */ = {isa = PBXFileReference; lastKnownFileType = folder.assetcatalog; path = "Preview Assets.xcassets"; sourceTree = "<group>"; };
		E69500AA2B03FECA00D7E13C /* pokedexTests.xctest */ = {isa = PBXFileReference; explicitFileType = wrapper.cfbundle; includeInIndex = 0; path = pokedexTests.xctest; sourceTree = BUILT_PRODUCTS_DIR; };
		E69500AE2B03FECA00D7E13C /* pokedexTests.swift */ = {isa = PBXFileReference; lastKnownFileType = sourcecode.swift; path = pokedexTests.swift; sourceTree = "<group>"; };
		E69500B42B03FECA00D7E13C /* pokedexUITests.xctest */ = {isa = PBXFileReference; explicitFileType = wrapper.cfbundle; includeInIndex = 0; path = pokedexUITests.xctest; sourceTree = BUILT_PRODUCTS_DIR; };
		E69500B82B03FECA00D7E13C /* pokedexUITests.swift */ = {isa = PBXFileReference; lastKnownFileType = sourcecode.swift; path = pokedexUITests.swift; sourceTree = "<group>"; };
		E69500BA2B03FECA00D7E13C /* pokedexUITestsLaunchTests.swift */ = {isa = PBXFileReference; lastKnownFileType = sourcecode.swift; path = pokedexUITestsLaunchTests.swift; sourceTree = "<group>"; };
		E69500CB2B0407EB00D7E13C /* HomeView.swift */ = {isa = PBXFileReference; lastKnownFileType = sourcecode.swift; path = HomeView.swift; sourceTree = "<group>"; };
		E69500CE2B04096E00D7E13C /* DetailsView.swift */ = {isa = PBXFileReference; lastKnownFileType = sourcecode.swift; path = DetailsView.swift; sourceTree = "<group>"; };
		E69500D32B040BAF00D7E13C /* HomeToolbar.swift */ = {isa = PBXFileReference; lastKnownFileType = sourcecode.swift; path = HomeToolbar.swift; sourceTree = "<group>"; };
		E69500D92B0416C100D7E13C /* OvalTextFieldStyle.swift */ = {isa = PBXFileReference; lastKnownFileType = sourcecode.swift; path = OvalTextFieldStyle.swift; sourceTree = "<group>"; };
/* End PBXFileReference section */

/* Begin PBXFrameworksBuildPhase section */
		E69500972B03FEC600D7E13C /* Frameworks */ = {
			isa = PBXFrameworksBuildPhase;
			buildActionMask = 2147483647;
			files = (
			);
			runOnlyForDeploymentPostprocessing = 0;
		};
		E69500A72B03FECA00D7E13C /* Frameworks */ = {
			isa = PBXFrameworksBuildPhase;
			buildActionMask = 2147483647;
			files = (
			);
			runOnlyForDeploymentPostprocessing = 0;
		};
		E69500B12B03FECA00D7E13C /* Frameworks */ = {
			isa = PBXFrameworksBuildPhase;
			buildActionMask = 2147483647;
			files = (
			);
			runOnlyForDeploymentPostprocessing = 0;
		};
/* End PBXFrameworksBuildPhase section */

/* Begin PBXGroup section */
		E69500912B03FEC600D7E13C = {
			isa = PBXGroup;
			children = (
				E695009C2B03FEC600D7E13C /* pokedex */,
				E69500AD2B03FECA00D7E13C /* pokedexTests */,
				E69500B72B03FECA00D7E13C /* pokedexUITests */,
				E695009B2B03FEC600D7E13C /* Products */,
			);
			sourceTree = "<group>";
		};
		E695009B2B03FEC600D7E13C /* Products */ = {
			isa = PBXGroup;
			children = (
				E695009A2B03FEC600D7E13C /* pokedex.app */,
				E69500AA2B03FECA00D7E13C /* pokedexTests.xctest */,
				E69500B42B03FECA00D7E13C /* pokedexUITests.xctest */,
			);
			name = Products;
			sourceTree = "<group>";
		};
		E695009C2B03FEC600D7E13C /* pokedex */ = {
			isa = PBXGroup;
			children = (
				E69500C92B0407D500D7E13C /* features */,
				E695009D2B03FEC600D7E13C /* pokedexApp.swift */,
				E695009F2B03FEC600D7E13C /* ContentView.swift */,
				E69500A12B03FECA00D7E13C /* Assets.xcassets */,
				E69500A32B03FECA00D7E13C /* Preview Content */,
			);
			path = pokedex;
			sourceTree = "<group>";
		};
		E69500A32B03FECA00D7E13C /* Preview Content */ = {
			isa = PBXGroup;
			children = (
				E69500A42B03FECA00D7E13C /* Preview Assets.xcassets */,
			);
			path = "Preview Content";
			sourceTree = "<group>";
		};
		E69500AD2B03FECA00D7E13C /* pokedexTests */ = {
			isa = PBXGroup;
			children = (
				E69500AE2B03FECA00D7E13C /* pokedexTests.swift */,
			);
			path = pokedexTests;
			sourceTree = "<group>";
		};
		E69500B72B03FECA00D7E13C /* pokedexUITests */ = {
			isa = PBXGroup;
			children = (
				E69500B82B03FECA00D7E13C /* pokedexUITests.swift */,
				E69500BA2B03FECA00D7E13C /* pokedexUITestsLaunchTests.swift */,
			);
			path = pokedexUITests;
			sourceTree = "<group>";
		};
		E69500C92B0407D500D7E13C /* features */ = {
			isa = PBXGroup;
			children = (
				E69500CD2B04096000D7E13C /* details */,
				E69500CA2B0407DA00D7E13C /* home */,
			);
			path = features;
			sourceTree = "<group>";
		};
		E69500CA2B0407DA00D7E13C /* home */ = {
			isa = PBXGroup;
			children = (
				E69500D02B040B8500D7E13C /* presentation */,
			);
			path = home;
			sourceTree = "<group>";
		};
		E69500CD2B04096000D7E13C /* details */ = {
			isa = PBXGroup;
			children = (
				E69500CE2B04096E00D7E13C /* DetailsView.swift */,
			);
			path = details;
			sourceTree = "<group>";
		};
		E69500D02B040B8500D7E13C /* presentation */ = {
			isa = PBXGroup;
			children = (
				E69500D12B040B8B00D7E13C /* components */,
				E69500CB2B0407EB00D7E13C /* HomeView.swift */,
			);
			path = presentation;
			sourceTree = "<group>";
		};
		E69500D12B040B8B00D7E13C /* components */ = {
			isa = PBXGroup;
			children = (
				E69500D32B040BAF00D7E13C /* HomeToolbar.swift */,
				E69500D92B0416C100D7E13C /* OvalTextFieldStyle.swift */,
			);
			path = components;
			sourceTree = "<group>";
		};
/* End PBXGroup section */

/* Begin PBXNativeTarget section */
		E69500992B03FEC600D7E13C /* pokedex */ = {
			isa = PBXNativeTarget;
			buildConfigurationList = E69500BE2B03FECA00D7E13C /* Build configuration list for PBXNativeTarget "pokedex" */;
			buildPhases = (
				E69500962B03FEC600D7E13C /* Sources */,
				E69500972B03FEC600D7E13C /* Frameworks */,
				E69500982B03FEC600D7E13C /* Resources */,
			);
			buildRules = (
			);
			dependencies = (
			);
			name = pokedex;
			productName = pokedex;
			productReference = E695009A2B03FEC600D7E13C /* pokedex.app */;
			productType = "com.apple.product-type.application";
		};
		E69500A92B03FECA00D7E13C /* pokedexTests */ = {
			isa = PBXNativeTarget;
			buildConfigurationList = E69500C12B03FECA00D7E13C /* Build configuration list for PBXNativeTarget "pokedexTests" */;
			buildPhases = (
				E69500A62B03FECA00D7E13C /* Sources */,
				E69500A72B03FECA00D7E13C /* Frameworks */,
				E69500A82B03FECA00D7E13C /* Resources */,
			);
			buildRules = (
			);
			dependencies = (
				E69500AC2B03FECA00D7E13C /* PBXTargetDependency */,
			);
			name = pokedexTests;
			productName = pokedexTests;
			productReference = E69500AA2B03FECA00D7E13C /* pokedexTests.xctest */;
			productType = "com.apple.product-type.bundle.unit-test";
		};
		E69500B32B03FECA00D7E13C /* pokedexUITests */ = {
			isa = PBXNativeTarget;
			buildConfigurationList = E69500C42B03FECA00D7E13C /* Build configuration list for PBXNativeTarget "pokedexUITests" */;
			buildPhases = (
				E69500B02B03FECA00D7E13C /* Sources */,
				E69500B12B03FECA00D7E13C /* Frameworks */,
				E69500B22B03FECA00D7E13C /* Resources */,
			);
			buildRules = (
			);
			dependencies = (
				E69500B62B03FECA00D7E13C /* PBXTargetDependency */,
			);
			name = pokedexUITests;
			productName = pokedexUITests;
			productReference = E69500B42B03FECA00D7E13C /* pokedexUITests.xctest */;
			productType = "com.apple.product-type.bundle.ui-testing";
		};
/* End PBXNativeTarget section */

/* Begin PBXProject section */
		E69500922B03FEC600D7E13C /* Project object */ = {
			isa = PBXProject;
			attributes = {
				BuildIndependentTargetsInParallel = 1;
				LastSwiftUpdateCheck = 1500;
				LastUpgradeCheck = 1500;
				TargetAttributes = {
					E69500992B03FEC600D7E13C = {
						CreatedOnToolsVersion = 15.0.1;
					};
					E69500A92B03FECA00D7E13C = {
						CreatedOnToolsVersion = 15.0.1;
						TestTargetID = E69500992B03FEC600D7E13C;
					};
					E69500B32B03FECA00D7E13C = {
						CreatedOnToolsVersion = 15.0.1;
						TestTargetID = E69500992B03FEC600D7E13C;
					};
				};
			};
			buildConfigurationList = E69500952B03FEC600D7E13C /* Build configuration list for PBXProject "pokedex" */;
			compatibilityVersion = "Xcode 14.0";
			developmentRegion = en;
			hasScannedForEncodings = 0;
			knownRegions = (
				en,
				Base,
			);
			mainGroup = E69500912B03FEC600D7E13C;
			productRefGroup = E695009B2B03FEC600D7E13C /* Products */;
			projectDirPath = "";
			projectRoot = "";
			targets = (
				E69500992B03FEC600D7E13C /* pokedex */,
				E69500A92B03FECA00D7E13C /* pokedexTests */,
				E69500B32B03FECA00D7E13C /* pokedexUITests */,
			);
		};
/* End PBXProject section */

/* Begin PBXResourcesBuildPhase section */
		E69500982B03FEC600D7E13C /* Resources */ = {
			isa = PBXResourcesBuildPhase;
			buildActionMask = 2147483647;
			files = (
				E69500A52B03FECA00D7E13C /* Preview Assets.xcassets in Resources */,
				E69500A22B03FECA00D7E13C /* Assets.xcassets in Resources */,
			);
			runOnlyForDeploymentPostprocessing = 0;
		};
		E69500A82B03FECA00D7E13C /* Resources */ = {
			isa = PBXResourcesBuildPhase;
			buildActionMask = 2147483647;
			files = (
			);
			runOnlyForDeploymentPostprocessing = 0;
		};
		E69500B22B03FECA00D7E13C /* Resources */ = {
			isa = PBXResourcesBuildPhase;
			buildActionMask = 2147483647;
			files = (
			);
			runOnlyForDeploymentPostprocessing = 0;
		};
/* End PBXResourcesBuildPhase section */

/* Begin PBXSourcesBuildPhase section */
		E69500962B03FEC600D7E13C /* Sources */ = {
			isa = PBXSourcesBuildPhase;
			buildActionMask = 2147483647;
			files = (
				E69500D42B040BAF00D7E13C /* HomeToolbar.swift in Sources */,
				E69500CC2B0407EB00D7E13C /* HomeView.swift in Sources */,
				E69500CF2B04096E00D7E13C /* DetailsView.swift in Sources */,
				E69500A02B03FEC600D7E13C /* ContentView.swift in Sources */,
				E695009E2B03FEC600D7E13C /* pokedexApp.swift in Sources */,
				E69500DA2B0416C100D7E13C /* OvalTextFieldStyle.swift in Sources */,
			);
			runOnlyForDeploymentPostprocessing = 0;
		};
		E69500A62B03FECA00D7E13C /* Sources */ = {
			isa = PBXSourcesBuildPhase;
			buildActionMask = 2147483647;
			files = (
				E69500AF2B03FECA00D7E13C /* pokedexTests.swift in Sources */,
			);
			runOnlyForDeploymentPostprocessing = 0;
		};
		E69500B02B03FECA00D7E13C /* Sources */ = {
			isa = PBXSourcesBuildPhase;
			buildActionMask = 2147483647;
			files = (
				E69500B92B03FECA00D7E13C /* pokedexUITests.swift in Sources */,
				E69500BB2B03FECA00D7E13C /* pokedexUITestsLaunchTests.swift in Sources */,
			);
			runOnlyForDeploymentPostprocessing = 0;
		};
/* End PBXSourcesBuildPhase section */

/* Begin PBXTargetDependency section */
		E69500AC2B03FECA00D7E13C /* PBXTargetDependency */ = {
			isa = PBXTargetDependency;
			target = E69500992B03FEC600D7E13C /* pokedex */;
			targetProxy = E69500AB2B03FECA00D7E13C /* PBXContainerItemProxy */;
		};
		E69500B62B03FECA00D7E13C /* PBXTargetDependency */ = {
			isa = PBXTargetDependency;
			target = E69500992B03FEC600D7E13C /* pokedex */;
			targetProxy = E69500B52B03FECA00D7E13C /* PBXContainerItemProxy */;
		};
/* End PBXTargetDependency section */

/* Begin XCBuildConfiguration section */
		E69500BC2B03FECA00D7E13C /* Debug */ = {
			isa = XCBuildConfiguration;
			buildSettings = {
				ALWAYS_SEARCH_USER_PATHS = NO;
				ASSETCATALOG_COMPILER_GENERATE_SWIFT_ASSET_SYMBOL_EXTENSIONS = YES;
				CLANG_ANALYZER_NONNULL = YES;
				CLANG_ANALYZER_NUMBER_OBJECT_CONVERSION = YES_AGGRESSIVE;
				CLANG_CXX_LANGUAGE_STANDARD = "gnu++20";
				CLANG_ENABLE_MODULES = YES;
				CLANG_ENABLE_OBJC_ARC = YES;
				CLANG_ENABLE_OBJC_WEAK = YES;
				CLANG_WARN_BLOCK_CAPTURE_AUTORELEASING = YES;
				CLANG_WARN_BOOL_CONVERSION = YES;
				CLANG_WARN_COMMA = YES;
				CLANG_WARN_CONSTANT_CONVERSION = YES;
				CLANG_WARN_DEPRECATED_OBJC_IMPLEMENTATIONS = YES;
				CLANG_WARN_DIRECT_OBJC_ISA_USAGE = YES_ERROR;
				CLANG_WARN_DOCUMENTATION_COMMENTS = YES;
				CLANG_WARN_EMPTY_BODY = YES;
				CLANG_WARN_ENUM_CONVERSION = YES;
				CLANG_WARN_INFINITE_RECURSION = YES;
				CLANG_WARN_INT_CONVERSION = YES;
				CLANG_WARN_NON_LITERAL_NULL_CONVERSION = YES;
				CLANG_WARN_OBJC_IMPLICIT_RETAIN_SELF = YES;
				CLANG_WARN_OBJC_LITERAL_CONVERSION = YES;
				CLANG_WARN_OBJC_ROOT_CLASS = YES_ERROR;
				CLANG_WARN_QUOTED_INCLUDE_IN_FRAMEWORK_HEADER = YES;
				CLANG_WARN_RANGE_LOOP_ANALYSIS = YES;
				CLANG_WARN_STRICT_PROTOTYPES = YES;
				CLANG_WARN_SUSPICIOUS_MOVE = YES;
				CLANG_WARN_UNGUARDED_AVAILABILITY = YES_AGGRESSIVE;
				CLANG_WARN_UNREACHABLE_CODE = YES;
				CLANG_WARN__DUPLICATE_METHOD_MATCH = YES;
				COPY_PHASE_STRIP = NO;
				DEBUG_INFORMATION_FORMAT = dwarf;
				ENABLE_STRICT_OBJC_MSGSEND = YES;
				ENABLE_TESTABILITY = YES;
				ENABLE_USER_SCRIPT_SANDBOXING = YES;
				GCC_C_LANGUAGE_STANDARD = gnu17;
				GCC_DYNAMIC_NO_PIC = NO;
				GCC_NO_COMMON_BLOCKS = YES;
				GCC_OPTIMIZATION_LEVEL = 0;
				GCC_PREPROCESSOR_DEFINITIONS = (
					"DEBUG=1",
					"$(inherited)",
				);
				GCC_WARN_64_TO_32_BIT_CONVERSION = YES;
				GCC_WARN_ABOUT_RETURN_TYPE = YES_ERROR;
				GCC_WARN_UNDECLARED_SELECTOR = YES;
				GCC_WARN_UNINITIALIZED_AUTOS = YES_AGGRESSIVE;
				GCC_WARN_UNUSED_FUNCTION = YES;
				GCC_WARN_UNUSED_VARIABLE = YES;
				IPHONEOS_DEPLOYMENT_TARGET = 17.0;
				LOCALIZATION_PREFERS_STRING_CATALOGS = YES;
				MTL_ENABLE_DEBUG_INFO = INCLUDE_SOURCE;
				MTL_FAST_MATH = YES;
				ONLY_ACTIVE_ARCH = YES;
				SDKROOT = iphoneos;
				SWIFT_ACTIVE_COMPILATION_CONDITIONS = "DEBUG $(inherited)";
				SWIFT_OPTIMIZATION_LEVEL = "-Onone";
			};
			name = Debug;
		};
		E69500BD2B03FECA00D7E13C /* Release */ = {
			isa = XCBuildConfiguration;
			buildSettings = {
				ALWAYS_SEARCH_USER_PATHS = NO;
				ASSETCATALOG_COMPILER_GENERATE_SWIFT_ASSET_SYMBOL_EXTENSIONS = YES;
				CLANG_ANALYZER_NONNULL = YES;
				CLANG_ANALYZER_NUMBER_OBJECT_CONVERSION = YES_AGGRESSIVE;
				CLANG_CXX_LANGUAGE_STANDARD = "gnu++20";
				CLANG_ENABLE_MODULES = YES;
				CLANG_ENABLE_OBJC_ARC = YES;
				CLANG_ENABLE_OBJC_WEAK = YES;
				CLANG_WARN_BLOCK_CAPTURE_AUTORELEASING = YES;
				CLANG_WARN_BOOL_CONVERSION = YES;
				CLANG_WARN_COMMA = YES;
				CLANG_WARN_CONSTANT_CONVERSION = YES;
				CLANG_WARN_DEPRECATED_OBJC_IMPLEMENTATIONS = YES;
				CLANG_WARN_DIRECT_OBJC_ISA_USAGE = YES_ERROR;
				CLANG_WARN_DOCUMENTATION_COMMENTS = YES;
				CLANG_WARN_EMPTY_BODY = YES;
				CLANG_WARN_ENUM_CONVERSION = YES;
				CLANG_WARN_INFINITE_RECURSION = YES;
				CLANG_WARN_INT_CONVERSION = YES;
				CLANG_WARN_NON_LITERAL_NULL_CONVERSION = YES;
				CLANG_WARN_OBJC_IMPLICIT_RETAIN_SELF = YES;
				CLANG_WARN_OBJC_LITERAL_CONVERSION = YES;
				CLANG_WARN_OBJC_ROOT_CLASS = YES_ERROR;
				CLANG_WARN_QUOTED_INCLUDE_IN_FRAMEWORK_HEADER = YES;
				CLANG_WARN_RANGE_LOOP_ANALYSIS = YES;
				CLANG_WARN_STRICT_PROTOTYPES = YES;
				CLANG_WARN_SUSPICIOUS_MOVE = YES;
				CLANG_WARN_UNGUARDED_AVAILABILITY = YES_AGGRESSIVE;
				CLANG_WARN_UNREACHABLE_CODE = YES;
				CLANG_WARN__DUPLICATE_METHOD_MATCH = YES;
				COPY_PHASE_STRIP = NO;
				DEBUG_INFORMATION_FORMAT = "dwarf-with-dsym";
				ENABLE_NS_ASSERTIONS = NO;
				ENABLE_STRICT_OBJC_MSGSEND = YES;
				ENABLE_USER_SCRIPT_SANDBOXING = YES;
				GCC_C_LANGUAGE_STANDARD = gnu17;
				GCC_NO_COMMON_BLOCKS = YES;
				GCC_WARN_64_TO_32_BIT_CONVERSION = YES;
				GCC_WARN_ABOUT_RETURN_TYPE = YES_ERROR;
				GCC_WARN_UNDECLARED_SELECTOR = YES;
				GCC_WARN_UNINITIALIZED_AUTOS = YES_AGGRESSIVE;
				GCC_WARN_UNUSED_FUNCTION = YES;
				GCC_WARN_UNUSED_VARIABLE = YES;
				IPHONEOS_DEPLOYMENT_TARGET = 17.0;
				LOCALIZATION_PREFERS_STRING_CATALOGS = YES;
				MTL_ENABLE_DEBUG_INFO = NO;
				MTL_FAST_MATH = YES;
				SDKROOT = iphoneos;
				SWIFT_COMPILATION_MODE = wholemodule;
				VALIDATE_PRODUCT = YES;
			};
			name = Release;
		};
		E69500BF2B03FECA00D7E13C /* Debug */ = {
			isa = XCBuildConfiguration;
			buildSettings = {
				ASSETCATALOG_COMPILER_APPICON_NAME = AppIcon;
				ASSETCATALOG_COMPILER_GLOBAL_ACCENT_COLOR_NAME = AccentColor;
				CODE_SIGN_STYLE = Automatic;
				CURRENT_PROJECT_VERSION = 1;
				DEVELOPMENT_ASSET_PATHS = "\"pokedex/Preview Content\"";
				DEVELOPMENT_TEAM = HVZJMV5XPH;
				ENABLE_PREVIEWS = YES;
				GENERATE_INFOPLIST_FILE = YES;
				INFOPLIST_KEY_UIApplicationSceneManifest_Generation = YES;
				INFOPLIST_KEY_UIApplicationSupportsIndirectInputEvents = YES;
				INFOPLIST_KEY_UILaunchScreen_Generation = YES;
				INFOPLIST_KEY_UISupportedInterfaceOrientations_iPad = "UIInterfaceOrientationPortrait UIInterfaceOrientationPortraitUpsideDown UIInterfaceOrientationLandscapeLeft UIInterfaceOrientationLandscapeRight";
				INFOPLIST_KEY_UISupportedInterfaceOrientations_iPhone = "UIInterfaceOrientationPortrait UIInterfaceOrientationLandscapeLeft UIInterfaceOrientationLandscapeRight";
				LD_RUNPATH_SEARCH_PATHS = (
					"$(inherited)",
					"@executable_path/Frameworks",
				);
				MARKETING_VERSION = 1.0;
				PRODUCT_BUNDLE_IDENTIFIER = com.esdrasgois.pokedex;
				PRODUCT_NAME = "$(TARGET_NAME)";
				SWIFT_EMIT_LOC_STRINGS = YES;
				SWIFT_VERSION = 5.0;
				TARGETED_DEVICE_FAMILY = "1,2";
			};
			name = Debug;
		};
		E69500C02B03FECA00D7E13C /* Release */ = {
			isa = XCBuildConfiguration;
			buildSettings = {
				ASSETCATALOG_COMPILER_APPICON_NAME = AppIcon;
				ASSETCATALOG_COMPILER_GLOBAL_ACCENT_COLOR_NAME = AccentColor;
				CODE_SIGN_STYLE = Automatic;
				CURRENT_PROJECT_VERSION = 1;
				DEVELOPMENT_ASSET_PATHS = "\"pokedex/Preview Content\"";
				DEVELOPMENT_TEAM = HVZJMV5XPH;
				ENABLE_PREVIEWS = YES;
				GENERATE_INFOPLIST_FILE = YES;
				INFOPLIST_KEY_UIApplicationSceneManifest_Generation = YES;
				INFOPLIST_KEY_UIApplicationSupportsIndirectInputEvents = YES;
				INFOPLIST_KEY_UILaunchScreen_Generation = YES;
				INFOPLIST_KEY_UISupportedInterfaceOrientations_iPad = "UIInterfaceOrientationPortrait UIInterfaceOrientationPortraitUpsideDown UIInterfaceOrientationLandscapeLeft UIInterfaceOrientationLandscapeRight";
				INFOPLIST_KEY_UISupportedInterfaceOrientations_iPhone = "UIInterfaceOrientationPortrait UIInterfaceOrientationLandscapeLeft UIInterfaceOrientationLandscapeRight";
				LD_RUNPATH_SEARCH_PATHS = (
					"$(inherited)",
					"@executable_path/Frameworks",
				);
				MARKETING_VERSION = 1.0;
				PRODUCT_BUNDLE_IDENTIFIER = com.esdrasgois.pokedex;
				PRODUCT_NAME = "$(TARGET_NAME)";
				SWIFT_EMIT_LOC_STRINGS = YES;
				SWIFT_VERSION = 5.0;
				TARGETED_DEVICE_FAMILY = "1,2";
			};
			name = Release;
		};
		E69500C22B03FECA00D7E13C /* Debug */ = {
			isa = XCBuildConfiguration;
			buildSettings = {
				ALWAYS_EMBED_SWIFT_STANDARD_LIBRARIES = YES;
				BUNDLE_LOADER = "$(TEST_HOST)";
				CODE_SIGN_STYLE = Automatic;
				CURRENT_PROJECT_VERSION = 1;
				DEVELOPMENT_TEAM = HVZJMV5XPH;
				GENERATE_INFOPLIST_FILE = YES;
				IPHONEOS_DEPLOYMENT_TARGET = 17.0;
				MARKETING_VERSION = 1.0;
				PRODUCT_BUNDLE_IDENTIFIER = com.esdrasgois.pokedexTests;
				PRODUCT_NAME = "$(TARGET_NAME)";
				SWIFT_EMIT_LOC_STRINGS = NO;
				SWIFT_VERSION = 5.0;
				TARGETED_DEVICE_FAMILY = "1,2";
				TEST_HOST = "$(BUILT_PRODUCTS_DIR)/pokedex.app/$(BUNDLE_EXECUTABLE_FOLDER_PATH)/pokedex";
			};
			name = Debug;
		};
		E69500C32B03FECA00D7E13C /* Release */ = {
			isa = XCBuildConfiguration;
			buildSettings = {
				ALWAYS_EMBED_SWIFT_STANDARD_LIBRARIES = YES;
				BUNDLE_LOADER = "$(TEST_HOST)";
				CODE_SIGN_STYLE = Automatic;
				CURRENT_PROJECT_VERSION = 1;
				DEVELOPMENT_TEAM = HVZJMV5XPH;
				GENERATE_INFOPLIST_FILE = YES;
				IPHONEOS_DEPLOYMENT_TARGET = 17.0;
				MARKETING_VERSION = 1.0;
				PRODUCT_BUNDLE_IDENTIFIER = com.esdrasgois.pokedexTests;
				PRODUCT_NAME = "$(TARGET_NAME)";
				SWIFT_EMIT_LOC_STRINGS = NO;
				SWIFT_VERSION = 5.0;
				TARGETED_DEVICE_FAMILY = "1,2";
				TEST_HOST = "$(BUILT_PRODUCTS_DIR)/pokedex.app/$(BUNDLE_EXECUTABLE_FOLDER_PATH)/pokedex";
			};
			name = Release;
		};
		E69500C52B03FECA00D7E13C /* Debug */ = {
			isa = XCBuildConfiguration;
			buildSettings = {
				ALWAYS_EMBED_SWIFT_STANDARD_LIBRARIES = YES;
				CODE_SIGN_STYLE = Automatic;
				CURRENT_PROJECT_VERSION = 1;
				DEVELOPMENT_TEAM = HVZJMV5XPH;
				GENERATE_INFOPLIST_FILE = YES;
				MARKETING_VERSION = 1.0;
				PRODUCT_BUNDLE_IDENTIFIER = com.esdrasgois.pokedexUITests;
				PRODUCT_NAME = "$(TARGET_NAME)";
				SWIFT_EMIT_LOC_STRINGS = NO;
				SWIFT_VERSION = 5.0;
				TARGETED_DEVICE_FAMILY = "1,2";
				TEST_TARGET_NAME = pokedex;
			};
			name = Debug;
		};
		E69500C62B03FECA00D7E13C /* Release */ = {
			isa = XCBuildConfiguration;
			buildSettings = {
				ALWAYS_EMBED_SWIFT_STANDARD_LIBRARIES = YES;
				CODE_SIGN_STYLE = Automatic;
				CURRENT_PROJECT_VERSION = 1;
				DEVELOPMENT_TEAM = HVZJMV5XPH;
				GENERATE_INFOPLIST_FILE = YES;
				MARKETING_VERSION = 1.0;
				PRODUCT_BUNDLE_IDENTIFIER = com.esdrasgois.pokedexUITests;
				PRODUCT_NAME = "$(TARGET_NAME)";
				SWIFT_EMIT_LOC_STRINGS = NO;
				SWIFT_VERSION = 5.0;
				TARGETED_DEVICE_FAMILY = "1,2";
				TEST_TARGET_NAME = pokedex;
			};
			name = Release;
		};
/* End XCBuildConfiguration section */

/* Begin XCConfigurationList section */
		E69500952B03FEC600D7E13C /* Build configuration list for PBXProject "pokedex" */ = {
			isa = XCConfigurationList;
			buildConfigurations = (
				E69500BC2B03FECA00D7E13C /* Debug */,
				E69500BD2B03FECA00D7E13C /* Release */,
			);
			defaultConfigurationIsVisible = 0;
			defaultConfigurationName = Release;
		};
		E69500BE2B03FECA00D7E13C /* Build configuration list for PBXNativeTarget "pokedex" */ = {
			isa = XCConfigurationList;
			buildConfigurations = (
				E69500BF2B03FECA00D7E13C /* Debug */,
				E69500C02B03FECA00D7E13C /* Release */,
			);
			defaultConfigurationIsVisible = 0;
			defaultConfigurationName = Release;
		};
		E69500C12B03FECA00D7E13C /* Build configuration list for PBXNativeTarget "pokedexTests" */ = {
			isa = XCConfigurationList;
			buildConfigurations = (
				E69500C22B03FECA00D7E13C /* Debug */,
				E69500C32B03FECA00D7E13C /* Release */,
			);
			defaultConfigurationIsVisible = 0;
			defaultConfigurationName = Release;
		};
		E69500C42B03FECA00D7E13C /* Build configuration list for PBXNativeTarget "pokedexUITests" */ = {
			isa = XCConfigurationList;
			buildConfigurations = (
				E69500C52B03FECA00D7E13C /* Debug */,
				E69500C62B03FECA00D7E13C /* Release */,
			);
			defaultConfigurationIsVisible = 0;
			defaultConfigurationName = Release;
		};
/* End XCConfigurationList section */
	};
	rootObject = E69500922B03FEC600D7E13C /* Project object */;
}
